
Microsoft Visual Studio Solution File, Format Version 12.00
# Visual Studio 2012
Project("{8BC9CEB8-8B4A-11D0-8D11-00A0C91BC942}") = "host", "..\dry-host\host\host.vcxproj", "{C53DDCC5-6BEB-4022-9BDD-25104EFACA95}"
EndProject
Global
	GlobalSection(SolutionConfigurationPlatforms) = preSolution
		Debug|Win32 = Debug|Win32
		Release|Win32 = Release|Win32
	EndGlobalSection
	GlobalSection(ProjectConfigurationPlatforms) = postSolution
		{C53DDCC5-6BEB-4022-9BDD-25104EFACA95}.Debug|Win32.ActiveCfg = Debug|Win32
		{C53DDCC5-6BEB-4022-9BDD-25104EFACA95}.Debug|Win32.Build.0 = Debug|Win32
		{C53DDCC5-6BEB-4022-9BDD-25104EFACA95}.Release|Win32.ActiveCfg = Release|Win32
		{C53DDCC5-6BEB-4022-9BDD-25104EFACA95}.Release|Win32.Build.0 = Release|Win32
	EndGlobalSection
	GlobalSection(SolutionProperties) = preSolution
		HideSolutionNode = FALSE
	EndGlobalSection
EndGlobal
